
Microsoft Visual Studio Solution File, Format Version 12.00
# Visual Studio Version 17
VisualStudioVersion = 17.5.002.0
MinimumVisualStudioVersion = 10.0.40219.1
Project("{9A19103F-16F7-4668-BE54-9A1E7A4F7556}") = "Prep1", "Prep1\Prep1.csproj", "{738DEA17-F426-473A-A297-8F51A1412087}"
EndProject
Project("{9A19103F-16F7-4668-BE54-9A1E7A4F7556}") = "Prep2", "Prep2\Prep2.csproj", "{12973C83-26C4-4A26-B6B9-06E01688A8FC}"
EndProject
Project("{9A19103F-16F7-4668-BE54-9A1E7A4F7556}") = "Prep3", "Prep3\Prep3.csproj", "{58BBEB7E-FE86-4EF5-B952-6FEC015CE233}"
EndProject
Project("{9A19103F-16F7-4668-BE54-9A1E7A4F7556}") = "Prep4", "Prep4\Prep4.csproj", "{97EA99FE-DA39-46C3-8918-100BA8D5E7FA}"
EndProject
Project("{9A19103F-16F7-4668-BE54-9A1E7A4F7556}") = "Prep5", "Prep5\Prep5.csproj", "{FEC8CC70-485B-4B97-879E-509325891994}"
EndProject
Global
	GlobalSection(SolutionConfigurationPlatforms) = preSolution
		Debug|Any CPU = Debug|Any CPU
		Release|Any CPU = Release|Any CPU
	EndGlobalSection
	GlobalSection(ProjectConfigurationPlatforms) = postSolution
		{738DEA17-F426-473A-A297-8F51A1412087}.Debug|Any CPU.ActiveCfg = Debug|Any CPU
		{738DEA17-F426-473A-A297-8F51A1412087}.Debug|Any CPU.Build.0 = Debug|Any CPU
		{738DEA17-F426-473A-A297-8F51A1412087}.Release|Any CPU.ActiveCfg = Release|Any CPU
		{738DEA17-F426-473A-A297-8F51A1412087}.Release|Any CPU.Build.0 = Release|Any CPU
		{12973C83-26C4-4A26-B6B9-06E01688A8FC}.Debug|Any CPU.ActiveCfg = Debug|Any CPU
		{12973C83-26C4-4A26-B6B9-06E01688A8FC}.Debug|Any CPU.Build.0 = Debug|Any CPU
		{12973C83-26C4-4A26-B6B9-06E01688A8FC}.Release|Any CPU.ActiveCfg = Release|Any CPU
		{12973C83-26C4-4A26-B6B9-06E01688A8FC}.Release|Any CPU.Build.0 = Release|Any CPU
		{58BBEB7E-FE86-4EF5-B952-6FEC015CE233}.Debug|Any CPU.ActiveCfg = Debug|Any CPU
		{58BBEB7E-FE86-4EF5-B952-6FEC015CE233}.Debug|Any CPU.Build.0 = Debug|Any CPU
		{58BBEB7E-FE86-4EF5-B952-6FEC015CE233}.Release|Any CPU.ActiveCfg = Release|Any CPU
		{58BBEB7E-FE86-4EF5-B952-6FEC015CE233}.Release|Any CPU.Build.0 = Release|Any CPU
		{97EA99FE-DA39-46C3-8918-100BA8D5E7FA}.Debug|Any CPU.ActiveCfg = Debug|Any CPU
		{97EA99FE-DA39-46C3-8918-100BA8D5E7FA}.Debug|Any CPU.Build.0 = Debug|Any CPU
		{97EA99FE-DA39-46C3-8918-100BA8D5E7FA}.Release|Any CPU.ActiveCfg = Release|Any CPU
		{97EA99FE-DA39-46C3-8918-100BA8D5E7FA}.Release|Any CPU.Build.0 = Release|Any CPU
		{FEC8CC70-485B-4B97-879E-509325891994}.Debug|Any CPU.ActiveCfg = Debug|Any CPU
		{FEC8CC70-485B-4B97-879E-509325891994}.Debug|Any CPU.Build.0 = Debug|Any CPU
		{FEC8CC70-485B-4B97-879E-509325891994}.Release|Any CPU.ActiveCfg = Release|Any CPU
		{FEC8CC70-485B-4B97-879E-509325891994}.Release|Any CPU.Build.0 = Release|Any CPU
	EndGlobalSection
	GlobalSection(SolutionProperties) = preSolution
		HideSolutionNode = FALSE
	EndGlobalSection
	GlobalSection(ExtensibilityGlobals) = postSolution
		SolutionGuid = {3940019E-5A01-4192-9324-FF4E3C1BDF03}
	EndGlobalSection
EndGlobal
